// !$*UTF8*$!
{
	archiveVersion = 1;
	classes = {
	};
	objectVersion = 77;
	objects = {

/* Begin PBXBuildFile section */
		CC7B8AF32DC22BB8006361C2 /* AppDelegate.swift in Sources */ = {isa = PBXBuildFile; fileRef = CC7B8AE92DC22BB8006361C2 /* AppDelegate.swift */; };
		CC7B8AF42DC22BB8006361C2 /* CatchPlayFanloop.xcdatamodeld in Sources */ = {isa = PBXBuildFile; fileRef = CC7B8AEB2DC22BB8006361C2 /* CatchPlayFanloop.xcdatamodeld */; };
		CC7B8AF52DC22BB8006361C2 /* SceneDelegate.swift in Sources */ = {isa = PBXBuildFile; fileRef = CC7B8AEF2DC22BB8006361C2 /* SceneDelegate.swift */; };
		CC7B8AF62DC22BB8006361C2 /* VideoListViewController.swift in Sources */ = {isa = PBXBuildFile; fileRef = CC7B8AF02DC22BB8006361C2 /* VideoListViewController.swift */; };
		CC7B8AF72DC22BB8006361C2 /* Assets.xcassets in Resources */ = {isa = PBXBuildFile; fileRef = CC7B8AEA2DC22BB8006361C2 /* Assets.xcassets */; };
		CC7B8AF92DC22BB8006361C2 /* LaunchScreen.storyboard in Resources */ = {isa = PBXBuildFile; fileRef = CC7B8AEE2DC22BB8006361C2 /* LaunchScreen.storyboard */; };
		CC7B8AFC2DC22BC0006361C2 /* CatchPlayFanloopTests.swift in Sources */ = {isa = PBXBuildFile; fileRef = CC7B8AFA2DC22BC0006361C2 /* CatchPlayFanloopTests.swift */; };
		CC7B8B002DC22BC4006361C2 /* CatchPlayFanloopUITests.swift in Sources */ = {isa = PBXBuildFile; fileRef = CC7B8AFD2DC22BC4006361C2 /* CatchPlayFanloopUITests.swift */; };
		CC7B8B012DC22BC4006361C2 /* CatchPlayFanloopUITestsLaunchTests.swift in Sources */ = {isa = PBXBuildFile; fileRef = CC7B8AFE2DC22BC4006361C2 /* CatchPlayFanloopUITestsLaunchTests.swift */; };
		CC7B8B2E2DC24C66006361C2 /* video_data.json in Resources */ = {isa = PBXBuildFile; fileRef = CC7B8B2D2DC24C66006361C2 /* video_data.json */; };
		CC7B8B472DC47CF9006361C2 /* 0.mp4 in Resources */ = {isa = PBXBuildFile; fileRef = CC7B8B332DC47CF9006361C2 /* 0.mp4 */; };
		CC7B8B482DC47CF9006361C2 /* 2.mp4 in Resources */ = {isa = PBXBuildFile; fileRef = CC7B8B352DC47CF9006361C2 /* 2.mp4 */; };
		CC7B8B4A2DC47CF9006361C2 /* 3.mp4 in Resources */ = {isa = PBXBuildFile; fileRef = CC7B8B362DC47CF9006361C2 /* 3.mp4 */; };
		CC7B8B4D2DC47CF9006361C2 /* 5.mp4 in Resources */ = {isa = PBXBuildFile; fileRef = CC7B8B382DC47CF9006361C2 /* 5.mp4 */; };
		CC7B8B4F2DC47CF9006361C2 /* 1.mp4 in Resources */ = {isa = PBXBuildFile; fileRef = CC7B8B342DC47CF9006361C2 /* 1.mp4 */; };
		CC7B8B562DC47CF9006361C2 /* 4.mp4 in Resources */ = {isa = PBXBuildFile; fileRef = CC7B8B372DC47CF9006361C2 /* 4.mp4 */; };
		CC7B8B662DC47E0C006361C2 /* 9.mp4 in Resources */ = {isa = PBXBuildFile; fileRef = CC7B8B5C2DC47E0C006361C2 /* 9.mp4 */; };
		CC7B8B672DC47E0C006361C2 /* 6.mp4 in Resources */ = {isa = PBXBuildFile; fileRef = CC7B8B592DC47E0C006361C2 /* 6.mp4 */; };
		CC7B8B682DC47E0C006361C2 /* 7.mp4 in Resources */ = {isa = PBXBuildFile; fileRef = CC7B8B5A2DC47E0C006361C2 /* 7.mp4 */; };
		CC7B8B692DC47E0C006361C2 /* 12.mp4 in Resources */ = {isa = PBXBuildFile; fileRef = CC7B8B5F2DC47E0C006361C2 /* 12.mp4 */; };
		CC7B8B6A2DC47E0C006361C2 /* 13.mp4 in Resources */ = {isa = PBXBuildFile; fileRef = CC7B8B602DC47E0C006361C2 /* 13.mp4 */; };
		CC7B8B6B2DC47E0C006361C2 /* 17.mp4 in Resources */ = {isa = PBXBuildFile; fileRef = CC7B8B642DC47E0C006361C2 /* 17.mp4 */; };
		CC7B8B6C2DC47E0C006361C2 /* 18.mp4 in Resources */ = {isa = PBXBuildFile; fileRef = CC7B8B652DC47E0C006361C2 /* 18.mp4 */; };
		CC7B8B6D2DC47E0C006361C2 /* 16.mp4 in Resources */ = {isa = PBXBuildFile; fileRef = CC7B8B632DC47E0C006361C2 /* 16.mp4 */; };
		CC7B8B6E2DC47E0C006361C2 /* 11.mp4 in Resources */ = {isa = PBXBuildFile; fileRef = CC7B8B5E2DC47E0C006361C2 /* 11.mp4 */; };
		CC7B8B6F2DC47E0C006361C2 /* 8.mp4 in Resources */ = {isa = PBXBuildFile; fileRef = CC7B8B5B2DC47E0C006361C2 /* 8.mp4 */; };
		CC7B8B702DC47E0C006361C2 /* 14.mp4 in Resources */ = {isa = PBXBuildFile; fileRef = CC7B8B612DC47E0C006361C2 /* 14.mp4 */; };
		CC7B8B712DC47E0C006361C2 /* 10.mp4 in Resources */ = {isa = PBXBuildFile; fileRef = CC7B8B5D2DC47E0C006361C2 /* 10.mp4 */; };
		CC7B8B722DC47E0C006361C2 /* 15.mp4 in Resources */ = {isa = PBXBuildFile; fileRef = CC7B8B622DC47E0C006361C2 /* 15.mp4 */; };
		CC7B8B752DC48EF2006361C2 /* VideoOverlayView.swift in Sources */ = {isa = PBXBuildFile; fileRef = CC7B8B742DC48EF2006361C2 /* VideoOverlayView.swift */; };
		CC7B8B782DC48F4A006361C2 /* Video.swift in Sources */ = {isa = PBXBuildFile; fileRef = CC7B8B772DC48F4A006361C2 /* Video.swift */; };
		CCCFD5DB2DC4AEEF00604904 /* VideoPlayerViewModel.swift in Sources */ = {isa = PBXBuildFile; fileRef = CCCFD5DA2DC4AEEF00604904 /* VideoPlayerViewModel.swift */; };
		CCCFD5DD2DC4AF2100604904 /* VideoListViewModel.swift in Sources */ = {isa = PBXBuildFile; fileRef = CCCFD5DC2DC4AF2100604904 /* VideoListViewModel.swift */; };
		CCCFD5DF2DC4AF4C00604904 /* VideoPlayerCell.swift in Sources */ = {isa = PBXBuildFile; fileRef = CCCFD5DE2DC4AF4C00604904 /* VideoPlayerCell.swift */; };
		CCCFD5E32DC4B22400604904 /* UserDefaults+Keys.swift in Sources */ = {isa = PBXBuildFile; fileRef = CCCFD5E22DC4B22400604904 /* UserDefaults+Keys.swift */; };
/* End PBXBuildFile section */

/* Begin PBXContainerItemProxy section */
		CC851A9F2DC0D7F00070A4CB /* PBXContainerItemProxy */ = {
			isa = PBXContainerItemProxy;
			containerPortal = CC851A7D2DC0D7EE0070A4CB /* Project object */;
			proxyType = 1;
			remoteGlobalIDString = CC851A842DC0D7EE0070A4CB;
			remoteInfo = CatchPlayFanloop;
		};
		CC851AA92DC0D7F00070A4CB /* PBXContainerItemProxy */ = {
			isa = PBXContainerItemProxy;
			containerPortal = CC851A7D2DC0D7EE0070A4CB /* Project object */;
			proxyType = 1;
			remoteGlobalIDString = CC851A842DC0D7EE0070A4CB;
			remoteInfo = CatchPlayFanloop;
		};
/* End PBXContainerItemProxy section */

/* Begin PBXFileReference section */
		CC7B8AE92DC22BB8006361C2 /* AppDelegate.swift */ = {isa = PBXFileReference; lastKnownFileType = sourcecode.swift; path = AppDelegate.swift; sourceTree = "<group>"; };
		CC7B8AEA2DC22BB8006361C2 /* Assets.xcassets */ = {isa = PBXFileReference; lastKnownFileType = folder.assetcatalog; path = Assets.xcassets; sourceTree = "<group>"; };
		CC7B8AEC2DC22BB8006361C2 /* Info.plist */ = {isa = PBXFileReference; lastKnownFileType = text.plist.xml; path = Info.plist; sourceTree = "<group>"; };
		CC7B8AED2DC22BB8006361C2 /* Base */ = {isa = PBXFileReference; lastKnownFileType = file.storyboard; name = Base; path = Base.lproj/LaunchScreen.storyboard; sourceTree = "<group>"; };
		CC7B8AEF2DC22BB8006361C2 /* SceneDelegate.swift */ = {isa = PBXFileReference; lastKnownFileType = sourcecode.swift; path = SceneDelegate.swift; sourceTree = "<group>"; };
		CC7B8AF02DC22BB8006361C2 /* VideoListViewController.swift */ = {isa = PBXFileReference; lastKnownFileType = sourcecode.swift; path = VideoListViewController.swift; sourceTree = "<group>"; };
		CC7B8AF22DC22BB8006361C2 /* CatchPlayFanloop.xcdatamodel */ = {isa = PBXFileReference; lastKnownFileType = wrapper.xcdatamodel; path = CatchPlayFanloop.xcdatamodel; sourceTree = "<group>"; };
		CC7B8AFA2DC22BC0006361C2 /* CatchPlayFanloopTests.swift */ = {isa = PBXFileReference; lastKnownFileType = sourcecode.swift; path = CatchPlayFanloopTests.swift; sourceTree = "<group>"; };
		CC7B8AFD2DC22BC4006361C2 /* CatchPlayFanloopUITests.swift */ = {isa = PBXFileReference; lastKnownFileType = sourcecode.swift; path = CatchPlayFanloopUITests.swift; sourceTree = "<group>"; };
		CC7B8AFE2DC22BC4006361C2 /* CatchPlayFanloopUITestsLaunchTests.swift */ = {isa = PBXFileReference; lastKnownFileType = sourcecode.swift; path = CatchPlayFanloopUITestsLaunchTests.swift; sourceTree = "<group>"; };
		CC7B8B2D2DC24C66006361C2 /* video_data.json */ = {isa = PBXFileReference; lastKnownFileType = text.json; path = video_data.json; sourceTree = "<group>"; };
		CC7B8B332DC47CF9006361C2 /* 0.mp4 */ = {isa = PBXFileReference; lastKnownFileType = file; path = 0.mp4; sourceTree = "<group>"; };
		CC7B8B342DC47CF9006361C2 /* 1.mp4 */ = {isa = PBXFileReference; lastKnownFileType = file; path = 1.mp4; sourceTree = "<group>"; };
		CC7B8B352DC47CF9006361C2 /* 2.mp4 */ = {isa = PBXFileReference; lastKnownFileType = file; path = 2.mp4; sourceTree = "<group>"; };
		CC7B8B362DC47CF9006361C2 /* 3.mp4 */ = {isa = PBXFileReference; lastKnownFileType = file; path = 3.mp4; sourceTree = "<group>"; };
		CC7B8B372DC47CF9006361C2 /* 4.mp4 */ = {isa = PBXFileReference; lastKnownFileType = file; path = 4.mp4; sourceTree = "<group>"; };
		CC7B8B382DC47CF9006361C2 /* 5.mp4 */ = {isa = PBXFileReference; lastKnownFileType = file; path = 5.mp4; sourceTree = "<group>"; };
		CC7B8B592DC47E0C006361C2 /* 6.mp4 */ = {isa = PBXFileReference; lastKnownFileType = file; path = 6.mp4; sourceTree = "<group>"; };
		CC7B8B5A2DC47E0C006361C2 /* 7.mp4 */ = {isa = PBXFileReference; lastKnownFileType = file; path = 7.mp4; sourceTree = "<group>"; };
		CC7B8B5B2DC47E0C006361C2 /* 8.mp4 */ = {isa = PBXFileReference; lastKnownFileType = file; path = 8.mp4; sourceTree = "<group>"; };
		CC7B8B5C2DC47E0C006361C2 /* 9.mp4 */ = {isa = PBXFileReference; lastKnownFileType = file; path = 9.mp4; sourceTree = "<group>"; };
		CC7B8B5D2DC47E0C006361C2 /* 10.mp4 */ = {isa = PBXFileReference; lastKnownFileType = file; path = 10.mp4; sourceTree = "<group>"; };
		CC7B8B5E2DC47E0C006361C2 /* 11.mp4 */ = {isa = PBXFileReference; lastKnownFileType = file; path = 11.mp4; sourceTree = "<group>"; };
		CC7B8B5F2DC47E0C006361C2 /* 12.mp4 */ = {isa = PBXFileReference; lastKnownFileType = file; path = 12.mp4; sourceTree = "<group>"; };
		CC7B8B602DC47E0C006361C2 /* 13.mp4 */ = {isa = PBXFileReference; lastKnownFileType = file; path = 13.mp4; sourceTree = "<group>"; };
		CC7B8B612DC47E0C006361C2 /* 14.mp4 */ = {isa = PBXFileReference; lastKnownFileType = file; path = 14.mp4; sourceTree = "<group>"; };
		CC7B8B622DC47E0C006361C2 /* 15.mp4 */ = {isa = PBXFileReference; lastKnownFileType = file; path = 15.mp4; sourceTree = "<group>"; };
		CC7B8B632DC47E0C006361C2 /* 16.mp4 */ = {isa = PBXFileReference; lastKnownFileType = file; path = 16.mp4; sourceTree = "<group>"; };
		CC7B8B642DC47E0C006361C2 /* 17.mp4 */ = {isa = PBXFileReference; lastKnownFileType = file; path = 17.mp4; sourceTree = "<group>"; };
		CC7B8B652DC47E0C006361C2 /* 18.mp4 */ = {isa = PBXFileReference; lastKnownFileType = file; path = 18.mp4; sourceTree = "<group>"; };
		CC7B8B742DC48EF2006361C2 /* VideoOverlayView.swift */ = {isa = PBXFileReference; lastKnownFileType = sourcecode.swift; path = VideoOverlayView.swift; sourceTree = "<group>"; };
		CC7B8B772DC48F4A006361C2 /* Video.swift */ = {isa = PBXFileReference; lastKnownFileType = sourcecode.swift; path = Video.swift; sourceTree = "<group>"; };
		CC851A852DC0D7EE0070A4CB /* CatchPlayFanLoop.app */ = {isa = PBXFileReference; explicitFileType = wrapper.application; includeInIndex = 0; path = CatchPlayFanLoop.app; sourceTree = BUILT_PRODUCTS_DIR; };
		CC851A9E2DC0D7F00070A4CB /* CatchPlayFanLoopTests.xctest */ = {isa = PBXFileReference; explicitFileType = wrapper.cfbundle; includeInIndex = 0; path = CatchPlayFanLoopTests.xctest; sourceTree = BUILT_PRODUCTS_DIR; };
		CC851AA82DC0D7F00070A4CB /* CatchPlayFanLoopUITests.xctest */ = {isa = PBXFileReference; explicitFileType = wrapper.cfbundle; includeInIndex = 0; path = CatchPlayFanLoopUITests.xctest; sourceTree = BUILT_PRODUCTS_DIR; };
		CCCFD5DA2DC4AEEF00604904 /* VideoPlayerViewModel.swift */ = {isa = PBXFileReference; lastKnownFileType = sourcecode.swift; path = VideoPlayerViewModel.swift; sourceTree = "<group>"; };
		CCCFD5DC2DC4AF2100604904 /* VideoListViewModel.swift */ = {isa = PBXFileReference; lastKnownFileType = sourcecode.swift; path = VideoListViewModel.swift; sourceTree = "<group>"; };
		CCCFD5DE2DC4AF4C00604904 /* VideoPlayerCell.swift */ = {isa = PBXFileReference; lastKnownFileType = sourcecode.swift; path = VideoPlayerCell.swift; sourceTree = "<group>"; };
		CCCFD5E22DC4B22400604904 /* UserDefaults+Keys.swift */ = {isa = PBXFileReference; lastKnownFileType = sourcecode.swift; path = "UserDefaults+Keys.swift"; sourceTree = "<group>"; };
/* End PBXFileReference section */

/* Begin PBXFrameworksBuildPhase section */
		CC851A822DC0D7EE0070A4CB /* Frameworks */ = {
			isa = PBXFrameworksBuildPhase;
			buildActionMask = 2147483647;
			files = (
			);
			runOnlyForDeploymentPostprocessing = 0;
		};
		CC851A9B2DC0D7F00070A4CB /* Frameworks */ = {
			isa = PBXFrameworksBuildPhase;
			buildActionMask = 2147483647;
			files = (
			);
			runOnlyForDeploymentPostprocessing = 0;
		};
		CC851AA52DC0D7F00070A4CB /* Frameworks */ = {
			isa = PBXFrameworksBuildPhase;
			buildActionMask = 2147483647;
			files = (
			);
			runOnlyForDeploymentPostprocessing = 0;
		};
/* End PBXFrameworksBuildPhase section */

/* Begin PBXGroup section */
		CC7B8AF12DC22BB8006361C2 /* CatchPlayFanloop */ = {
			isa = PBXGroup;
			children = (
				CCCFD5E02DC4B1CC00604904 /* extension */,
				CC7B8AEC2DC22BB8006361C2 /* Info.plist */,
				CC7B8B302DC24DC8006361C2 /* SpportingFiles */,
				CC7B8B2F2DC24CE3006361C2 /* VideoPlayer */,
				CC7B8B022DC22C18006361C2 /* MediaResources */,
				CC7B8AEB2DC22BB8006361C2 /* CatchPlayFanloop.xcdatamodeld */,
			);
			path = CatchPlayFanloop;
			sourceTree = "<group>";
		};
		CC7B8AFB2DC22BC0006361C2 /* CatchPlayFanloopTests */ = {
			isa = PBXGroup;
			children = (
				CC7B8AFA2DC22BC0006361C2 /* CatchPlayFanloopTests.swift */,
			);
			path = CatchPlayFanloopTests;
			sourceTree = "<group>";
		};
		CC7B8AFF2DC22BC4006361C2 /* CatchPlayFanloopUITests */ = {
			isa = PBXGroup;
			children = (
				CC7B8AFD2DC22BC4006361C2 /* CatchPlayFanloopUITests.swift */,
				CC7B8AFE2DC22BC4006361C2 /* CatchPlayFanloopUITestsLaunchTests.swift */,
			);
			path = CatchPlayFanloopUITests;
			sourceTree = "<group>";
		};
		CC7B8B022DC22C18006361C2 /* MediaResources */ = {
			isa = PBXGroup;
			children = (
				CC7B8B2A2DC24719006361C2 /* description */,
				CC7B8B292DC24702006361C2 /* videos */,
			);
			path = MediaResources;
			sourceTree = "<group>";
		};
		CC7B8B292DC24702006361C2 /* videos */ = {
			isa = PBXGroup;
			children = (
				CC7B8B332DC47CF9006361C2 /* 0.mp4 */,
				CC7B8B342DC47CF9006361C2 /* 1.mp4 */,
				CC7B8B352DC47CF9006361C2 /* 2.mp4 */,
				CC7B8B362DC47CF9006361C2 /* 3.mp4 */,
				CC7B8B372DC47CF9006361C2 /* 4.mp4 */,
				CC7B8B382DC47CF9006361C2 /* 5.mp4 */,
				CC7B8B592DC47E0C006361C2 /* 6.mp4 */,
				CC7B8B5A2DC47E0C006361C2 /* 7.mp4 */,
				CC7B8B5B2DC47E0C006361C2 /* 8.mp4 */,
				CC7B8B5C2DC47E0C006361C2 /* 9.mp4 */,
				CC7B8B5D2DC47E0C006361C2 /* 10.mp4 */,
				CC7B8B5E2DC47E0C006361C2 /* 11.mp4 */,
				CC7B8B5F2DC47E0C006361C2 /* 12.mp4 */,
				CC7B8B602DC47E0C006361C2 /* 13.mp4 */,
				CC7B8B612DC47E0C006361C2 /* 14.mp4 */,
				CC7B8B622DC47E0C006361C2 /* 15.mp4 */,
				CC7B8B632DC47E0C006361C2 /* 16.mp4 */,
				CC7B8B642DC47E0C006361C2 /* 17.mp4 */,
				CC7B8B652DC47E0C006361C2 /* 18.mp4 */,
			);
			path = videos;
			sourceTree = "<group>";
		};
		CC7B8B2A2DC24719006361C2 /* description */ = {
			isa = PBXGroup;
			children = (
				CC7B8B2D2DC24C66006361C2 /* video_data.json */,
			);
			path = description;
			sourceTree = "<group>";
		};
		CC7B8B2F2DC24CE3006361C2 /* VideoPlayer */ = {
			isa = PBXGroup;
			children = (
				CCCFD5D92DC4AED800604904 /* ViewModel */,
				CC7B8B762DC48F3D006361C2 /* Model */,
				CC7B8B732DC48EE0006361C2 /* Views */,
			);
			path = VideoPlayer;
			sourceTree = "<group>";
		};
		CC7B8B302DC24DC8006361C2 /* SpportingFiles */ = {
			isa = PBXGroup;
			children = (
				CC7B8AE92DC22BB8006361C2 /* AppDelegate.swift */,
				CC7B8AEF2DC22BB8006361C2 /* SceneDelegate.swift */,
				CC7B8AEE2DC22BB8006361C2 /* LaunchScreen.storyboard */,
				CC7B8AEA2DC22BB8006361C2 /* Assets.xcassets */,
			);
			path = SpportingFiles;
			sourceTree = "<group>";
		};
		CC7B8B732DC48EE0006361C2 /* Views */ = {
			isa = PBXGroup;
			children = (
				CC7B8B742DC48EF2006361C2 /* VideoOverlayView.swift */,
				CC7B8AF02DC22BB8006361C2 /* VideoListViewController.swift */,
				CCCFD5DE2DC4AF4C00604904 /* VideoPlayerCell.swift */,
			);
			path = Views;
			sourceTree = "<group>";
		};
		CC7B8B762DC48F3D006361C2 /* Model */ = {
			isa = PBXGroup;
			children = (
				CC7B8B772DC48F4A006361C2 /* Video.swift */,
			);
			path = Model;
			sourceTree = "<group>";
		};
		CC851A7C2DC0D7EE0070A4CB = {
			isa = PBXGroup;
			children = (
				CC7B8AF12DC22BB8006361C2 /* CatchPlayFanloop */,
				CC7B8AFB2DC22BC0006361C2 /* CatchPlayFanloopTests */,
				CC7B8AFF2DC22BC4006361C2 /* CatchPlayFanloopUITests */,
				CC851A862DC0D7EE0070A4CB /* Products */,
			);
			sourceTree = "<group>";
		};
		CC851A862DC0D7EE0070A4CB /* Products */ = {
			isa = PBXGroup;
			children = (
				CC851A852DC0D7EE0070A4CB /* CatchPlayFanLoop.app */,
				CC851A9E2DC0D7F00070A4CB /* CatchPlayFanLoopTests.xctest */,
				CC851AA82DC0D7F00070A4CB /* CatchPlayFanLoopUITests.xctest */,
			);
			name = Products;
			sourceTree = "<group>";
		};
		CCCFD5D92DC4AED800604904 /* ViewModel */ = {
			isa = PBXGroup;
			children = (
				CCCFD5DA2DC4AEEF00604904 /* VideoPlayerViewModel.swift */,
				CCCFD5DC2DC4AF2100604904 /* VideoListViewModel.swift */,
			);
			path = ViewModel;
			sourceTree = "<group>";
		};
		CCCFD5E02DC4B1CC00604904 /* extension */ = {
			isa = PBXGroup;
			children = (
				CCCFD5E22DC4B22400604904 /* UserDefaults+Keys.swift */,
			);
			path = extension;
			sourceTree = "<group>";
		};
/* End PBXGroup section */

/* Begin PBXNativeTarget section */
		CC851A842DC0D7EE0070A4CB /* CatchPlayFanLoop */ = {
			isa = PBXNativeTarget;
			buildConfigurationList = CC851AB12DC0D7F00070A4CB /* Build configuration list for PBXNativeTarget "CatchPlayFanLoop" */;
			buildPhases = (
				CC851A812DC0D7EE0070A4CB /* Sources */,
				CC851A822DC0D7EE0070A4CB /* Frameworks */,
				CC851A832DC0D7EE0070A4CB /* Resources */,
			);
			buildRules = (
			);
			dependencies = (
			);
			name = CatchPlayFanLoop;
			packageProductDependencies = (
			);
			productName = CatchPlayFanloop;
			productReference = CC851A852DC0D7EE0070A4CB /* CatchPlayFanLoop.app */;
			productType = "com.apple.product-type.application";
		};
		CC851A9D2DC0D7F00070A4CB /* CatchPlayFanLoopTests */ = {
			isa = PBXNativeTarget;
			buildConfigurationList = CC851AB62DC0D7F00070A4CB /* Build configuration list for PBXNativeTarget "CatchPlayFanLoopTests" */;
			buildPhases = (
				CC851A9A2DC0D7F00070A4CB /* Sources */,
				CC851A9B2DC0D7F00070A4CB /* Frameworks */,
				CC851A9C2DC0D7F00070A4CB /* Resources */,
			);
			buildRules = (
			);
			dependencies = (
				CC851AA02DC0D7F00070A4CB /* PBXTargetDependency */,
			);
			name = CatchPlayFanLoopTests;
			packageProductDependencies = (
			);
			productName = CatchPlayFanloopTests;
			productReference = CC851A9E2DC0D7F00070A4CB /* CatchPlayFanLoopTests.xctest */;
			productType = "com.apple.product-type.bundle.unit-test";
		};
		CC851AA72DC0D7F00070A4CB /* CatchPlayFanLoopUITests */ = {
			isa = PBXNativeTarget;
			buildConfigurationList = CC851AB92DC0D7F00070A4CB /* Build configuration list for PBXNativeTarget "CatchPlayFanLoopUITests" */;
			buildPhases = (
				CC851AA42DC0D7F00070A4CB /* Sources */,
				CC851AA52DC0D7F00070A4CB /* Frameworks */,
				CC851AA62DC0D7F00070A4CB /* Resources */,
			);
			buildRules = (
			);
			dependencies = (
				CC851AAA2DC0D7F00070A4CB /* PBXTargetDependency */,
			);
			name = CatchPlayFanLoopUITests;
			packageProductDependencies = (
			);
			productName = CatchPlayFanloopUITests;
			productReference = CC851AA82DC0D7F00070A4CB /* CatchPlayFanLoopUITests.xctest */;
			productType = "com.apple.product-type.bundle.ui-testing";
		};
/* End PBXNativeTarget section */

/* Begin PBXProject section */
		CC851A7D2DC0D7EE0070A4CB /* Project object */ = {
			isa = PBXProject;
			attributes = {
				BuildIndependentTargetsInParallel = 1;
				LastSwiftUpdateCheck = 1620;
				LastUpgradeCheck = 1620;
				TargetAttributes = {
					CC851A842DC0D7EE0070A4CB = {
						CreatedOnToolsVersion = 16.2;
					};
					CC851A9D2DC0D7F00070A4CB = {
						CreatedOnToolsVersion = 16.2;
						TestTargetID = CC851A842DC0D7EE0070A4CB;
					};
					CC851AA72DC0D7F00070A4CB = {
						CreatedOnToolsVersion = 16.2;
						TestTargetID = CC851A842DC0D7EE0070A4CB;
					};
				};
			};
			buildConfigurationList = CC851A802DC0D7EE0070A4CB /* Build configuration list for PBXProject "CatchPlayFanLoop" */;
			developmentRegion = en;
			hasScannedForEncodings = 0;
			knownRegions = (
				en,
				Base,
			);
			mainGroup = CC851A7C2DC0D7EE0070A4CB;
			minimizedProjectReferenceProxies = 1;
			preferredProjectObjectVersion = 77;
			productRefGroup = CC851A862DC0D7EE0070A4CB /* Products */;
			projectDirPath = "";
			projectRoot = "";
			targets = (
				CC851A842DC0D7EE0070A4CB /* CatchPlayFanLoop */,
				CC851A9D2DC0D7F00070A4CB /* CatchPlayFanLoopTests */,
				CC851AA72DC0D7F00070A4CB /* CatchPlayFanLoopUITests */,
			);
		};
/* End PBXProject section */

/* Begin PBXResourcesBuildPhase section */
		CC851A832DC0D7EE0070A4CB /* Resources */ = {
			isa = PBXResourcesBuildPhase;
			buildActionMask = 2147483647;
			files = (
				CC7B8AF72DC22BB8006361C2 /* Assets.xcassets in Resources */,
				CC7B8AF92DC22BB8006361C2 /* LaunchScreen.storyboard in Resources */,
				CC7B8B2E2DC24C66006361C2 /* video_data.json in Resources */,
				CC7B8B472DC47CF9006361C2 /* 0.mp4 in Resources */,
				CC7B8B662DC47E0C006361C2 /* 9.mp4 in Resources */,
				CC7B8B672DC47E0C006361C2 /* 6.mp4 in Resources */,
				CC7B8B682DC47E0C006361C2 /* 7.mp4 in Resources */,
				CC7B8B692DC47E0C006361C2 /* 12.mp4 in Resources */,
				CC7B8B6A2DC47E0C006361C2 /* 13.mp4 in Resources */,
				CC7B8B6B2DC47E0C006361C2 /* 17.mp4 in Resources */,
				CC7B8B6C2DC47E0C006361C2 /* 18.mp4 in Resources */,
				CC7B8B6D2DC47E0C006361C2 /* 16.mp4 in Resources */,
				CC7B8B6E2DC47E0C006361C2 /* 11.mp4 in Resources */,
				CC7B8B6F2DC47E0C006361C2 /* 8.mp4 in Resources */,
				CC7B8B702DC47E0C006361C2 /* 14.mp4 in Resources */,
				CC7B8B712DC47E0C006361C2 /* 10.mp4 in Resources */,
				CC7B8B722DC47E0C006361C2 /* 15.mp4 in Resources */,
				CC7B8B482DC47CF9006361C2 /* 2.mp4 in Resources */,
				CC7B8B4A2DC47CF9006361C2 /* 3.mp4 in Resources */,
				CC7B8B4D2DC47CF9006361C2 /* 5.mp4 in Resources */,
				CC7B8B4F2DC47CF9006361C2 /* 1.mp4 in Resources */,
				CC7B8B562DC47CF9006361C2 /* 4.mp4 in Resources */,
			);
			runOnlyForDeploymentPostprocessing = 0;
		};
		CC851A9C2DC0D7F00070A4CB /* Resources */ = {
			isa = PBXResourcesBuildPhase;
			buildActionMask = 2147483647;
			files = (
			);
			runOnlyForDeploymentPostprocessing = 0;
		};
		CC851AA62DC0D7F00070A4CB /* Resources */ = {
			isa = PBXResourcesBuildPhase;
			buildActionMask = 2147483647;
			files = (
			);
			runOnlyForDeploymentPostprocessing = 0;
		};
/* End PBXResourcesBuildPhase section */

/* Begin PBXSourcesBuildPhase section */
		CC851A812DC0D7EE0070A4CB /* Sources */ = {
			isa = PBXSourcesBuildPhase;
			buildActionMask = 2147483647;
			files = (
				CCCFD5DB2DC4AEEF00604904 /* VideoPlayerViewModel.swift in Sources */,
				CC7B8B752DC48EF2006361C2 /* VideoOverlayView.swift in Sources */,
				CCCFD5E32DC4B22400604904 /* UserDefaults+Keys.swift in Sources */,
				CCCFD5DF2DC4AF4C00604904 /* VideoPlayerCell.swift in Sources */,
				CCCFD5DD2DC4AF2100604904 /* VideoListViewModel.swift in Sources */,
				CC7B8B782DC48F4A006361C2 /* Video.swift in Sources */,
				CC7B8AF32DC22BB8006361C2 /* AppDelegate.swift in Sources */,
				CC7B8AF42DC22BB8006361C2 /* CatchPlayFanloop.xcdatamodeld in Sources */,
				CC7B8AF52DC22BB8006361C2 /* SceneDelegate.swift in Sources */,
				CC7B8AF62DC22BB8006361C2 /* VideoListViewController.swift in Sources */,
			);
			runOnlyForDeploymentPostprocessing = 0;
		};
		CC851A9A2DC0D7F00070A4CB /* Sources */ = {
			isa = PBXSourcesBuildPhase;
			buildActionMask = 2147483647;
			files = (
				CC7B8AFC2DC22BC0006361C2 /* CatchPlayFanloopTests.swift in Sources */,
			);
			runOnlyForDeploymentPostprocessing = 0;
		};
		CC851AA42DC0D7F00070A4CB /* Sources */ = {
			isa = PBXSourcesBuildPhase;
			buildActionMask = 2147483647;
			files = (
				CC7B8B002DC22BC4006361C2 /* CatchPlayFanloopUITests.swift in Sources */,
				CC7B8B012DC22BC4006361C2 /* CatchPlayFanloopUITestsLaunchTests.swift in Sources */,
			);
			runOnlyForDeploymentPostprocessing = 0;
		};
/* End PBXSourcesBuildPhase section */

/* Begin PBXTargetDependency section */
		CC851AA02DC0D7F00070A4CB /* PBXTargetDependency */ = {
			isa = PBXTargetDependency;
			target = CC851A842DC0D7EE0070A4CB /* CatchPlayFanLoop */;
			targetProxy = CC851A9F2DC0D7F00070A4CB /* PBXContainerItemProxy */;
		};
		CC851AAA2DC0D7F00070A4CB /* PBXTargetDependency */ = {
			isa = PBXTargetDependency;
			target = CC851A842DC0D7EE0070A4CB /* CatchPlayFanLoop */;
			targetProxy = CC851AA92DC0D7F00070A4CB /* PBXContainerItemProxy */;
		};
/* End PBXTargetDependency section */

/* Begin PBXVariantGroup section */
		CC7B8AEE2DC22BB8006361C2 /* LaunchScreen.storyboard */ = {
			isa = PBXVariantGroup;
			children = (
				CC7B8AED2DC22BB8006361C2 /* Base */,
			);
			name = LaunchScreen.storyboard;
			sourceTree = "<group>";
		};
/* End PBXVariantGroup section */

/* Begin XCBuildConfiguration section */
		CC851AB22DC0D7F00070A4CB /* Debug */ = {
			isa = XCBuildConfiguration;
			buildSettings = {
				ASSETCATALOG_COMPILER_APPICON_NAME = AppIcon;
				ASSETCATALOG_COMPILER_GLOBAL_ACCENT_COLOR_NAME = AccentColor;
				CODE_SIGN_STYLE = Automatic;
				CURRENT_PROJECT_VERSION = 1;
				DEVELOPMENT_TEAM = VP4GBKDNYR;
				GENERATE_INFOPLIST_FILE = YES;
				INFOPLIST_FILE = CatchPlayFanloop/Info.plist;
				INFOPLIST_KEY_UIApplicationSupportsIndirectInputEvents = YES;
				INFOPLIST_KEY_UILaunchStoryboardName = LaunchScreen;
				INFOPLIST_KEY_UISupportedInterfaceOrientations_iPad = "UIInterfaceOrientationPortrait UIInterfaceOrientationPortraitUpsideDown UIInterfaceOrientationLandscapeLeft UIInterfaceOrientationLandscapeRight";
				INFOPLIST_KEY_UISupportedInterfaceOrientations_iPhone = "UIInterfaceOrientationPortrait UIInterfaceOrientationLandscapeLeft UIInterfaceOrientationLandscapeRight";
				LD_RUNPATH_SEARCH_PATHS = (
					"$(inherited)",
					"@executable_path/Frameworks",
				);
				MARKETING_VERSION = 1.0;
				PRODUCT_BUNDLE_IDENTIFIER = com.mandywnag.CatchPlayFanloop;
				PRODUCT_NAME = "$(TARGET_NAME)";
				SWIFT_EMIT_LOC_STRINGS = YES;
				SWIFT_VERSION = 5.0;
				TARGETED_DEVICE_FAMILY = "1,2";
			};
			name = Debug;
		};
		CC851AB32DC0D7F00070A4CB /* Release */ = {
			isa = XCBuildConfiguration;
			buildSettings = {
				ASSETCATALOG_COMPILER_APPICON_NAME = AppIcon;
				ASSETCATALOG_COMPILER_GLOBAL_ACCENT_COLOR_NAME = AccentColor;
				CODE_SIGN_STYLE = Automatic;
				CURRENT_PROJECT_VERSION = 1;
				DEVELOPMENT_TEAM = VP4GBKDNYR;
				GENERATE_INFOPLIST_FILE = YES;
				INFOPLIST_FILE = CatchPlayFanloop/Info.plist;
				INFOPLIST_KEY_UIApplicationSupportsIndirectInputEvents = YES;
				INFOPLIST_KEY_UILaunchStoryboardName = LaunchScreen;
				INFOPLIST_KEY_UISupportedInterfaceOrientations_iPad = "UIInterfaceOrientationPortrait UIInterfaceOrientationPortraitUpsideDown UIInterfaceOrientationLandscapeLeft UIInterfaceOrientationLandscapeRight";
				INFOPLIST_KEY_UISupportedInterfaceOrientations_iPhone = "UIInterfaceOrientationPortrait UIInterfaceOrientationLandscapeLeft UIInterfaceOrientationLandscapeRight";
				LD_RUNPATH_SEARCH_PATHS = (
					"$(inherited)",
					"@executable_path/Frameworks",
				);
				MARKETING_VERSION = 1.0;
				PRODUCT_BUNDLE_IDENTIFIER = com.mandywnag.CatchPlayFanloop;
				PRODUCT_NAME = "$(TARGET_NAME)";
				SWIFT_EMIT_LOC_STRINGS = YES;
				SWIFT_VERSION = 5.0;
				TARGETED_DEVICE_FAMILY = "1,2";
			};
			name = Release;
		};
		CC851AB42DC0D7F00070A4CB /* Debug */ = {
			isa = XCBuildConfiguration;
			buildSettings = {
				ALWAYS_SEARCH_USER_PATHS = NO;
				ASSETCATALOG_COMPILER_GENERATE_SWIFT_ASSET_SYMBOL_EXTENSIONS = YES;
				CLANG_ANALYZER_NONNULL = YES;
				CLANG_ANALYZER_NUMBER_OBJECT_CONVERSION = YES_AGGRESSIVE;
				CLANG_CXX_LANGUAGE_STANDARD = "gnu++20";
				CLANG_ENABLE_MODULES = YES;
				CLANG_ENABLE_OBJC_ARC = YES;
				CLANG_ENABLE_OBJC_WEAK = YES;
				CLANG_WARN_BLOCK_CAPTURE_AUTORELEASING = YES;
				CLANG_WARN_BOOL_CONVERSION = YES;
				CLANG_WARN_COMMA = YES;
				CLANG_WARN_CONSTANT_CONVERSION = YES;
				CLANG_WARN_DEPRECATED_OBJC_IMPLEMENTATIONS = YES;
				CLANG_WARN_DIRECT_OBJC_ISA_USAGE = YES_ERROR;
				CLANG_WARN_DOCUMENTATION_COMMENTS = YES;
				CLANG_WARN_EMPTY_BODY = YES;
				CLANG_WARN_ENUM_CONVERSION = YES;
				CLANG_WARN_INFINITE_RECURSION = YES;
				CLANG_WARN_INT_CONVERSION = YES;
				CLANG_WARN_NON_LITERAL_NULL_CONVERSION = YES;
				CLANG_WARN_OBJC_IMPLICIT_RETAIN_SELF = YES;
				CLANG_WARN_OBJC_LITERAL_CONVERSION = YES;
				CLANG_WARN_OBJC_ROOT_CLASS = YES_ERROR;
				CLANG_WARN_QUOTED_INCLUDE_IN_FRAMEWORK_HEADER = YES;
				CLANG_WARN_RANGE_LOOP_ANALYSIS = YES;
				CLANG_WARN_STRICT_PROTOTYPES = YES;
				CLANG_WARN_SUSPICIOUS_MOVE = YES;
				CLANG_WARN_UNGUARDED_AVAILABILITY = YES_AGGRESSIVE;
				CLANG_WARN_UNREACHABLE_CODE = YES;
				CLANG_WARN__DUPLICATE_METHOD_MATCH = YES;
				COPY_PHASE_STRIP = NO;
				DEBUG_INFORMATION_FORMAT = dwarf;
				ENABLE_STRICT_OBJC_MSGSEND = YES;
				ENABLE_TESTABILITY = YES;
				ENABLE_USER_SCRIPT_SANDBOXING = YES;
				GCC_C_LANGUAGE_STANDARD = gnu17;
				GCC_DYNAMIC_NO_PIC = NO;
				GCC_NO_COMMON_BLOCKS = YES;
				GCC_OPTIMIZATION_LEVEL = 0;
				GCC_PREPROCESSOR_DEFINITIONS = (
					"DEBUG=1",
					"$(inherited)",
				);
				GCC_WARN_64_TO_32_BIT_CONVERSION = YES;
				GCC_WARN_ABOUT_RETURN_TYPE = YES_ERROR;
				GCC_WARN_UNDECLARED_SELECTOR = YES;
				GCC_WARN_UNINITIALIZED_AUTOS = YES_AGGRESSIVE;
				GCC_WARN_UNUSED_FUNCTION = YES;
				GCC_WARN_UNUSED_VARIABLE = YES;
				IPHONEOS_DEPLOYMENT_TARGET = 18.2;
				LOCALIZATION_PREFERS_STRING_CATALOGS = YES;
				MTL_ENABLE_DEBUG_INFO = INCLUDE_SOURCE;
				MTL_FAST_MATH = YES;
				ONLY_ACTIVE_ARCH = YES;
				SDKROOT = iphoneos;
				SWIFT_ACTIVE_COMPILATION_CONDITIONS = "DEBUG $(inherited)";
				SWIFT_OPTIMIZATION_LEVEL = "-Onone";
			};
			name = Debug;
		};
		CC851AB52DC0D7F00070A4CB /* Release */ = {
			isa = XCBuildConfiguration;
			buildSettings = {
				ALWAYS_SEARCH_USER_PATHS = NO;
				ASSETCATALOG_COMPILER_GENERATE_SWIFT_ASSET_SYMBOL_EXTENSIONS = YES;
				CLANG_ANALYZER_NONNULL = YES;
				CLANG_ANALYZER_NUMBER_OBJECT_CONVERSION = YES_AGGRESSIVE;
				CLANG_CXX_LANGUAGE_STANDARD = "gnu++20";
				CLANG_ENABLE_MODULES = YES;
				CLANG_ENABLE_OBJC_ARC = YES;
				CLANG_ENABLE_OBJC_WEAK = YES;
				CLANG_WARN_BLOCK_CAPTURE_AUTORELEASING = YES;
				CLANG_WARN_BOOL_CONVERSION = YES;
				CLANG_WARN_COMMA = YES;
				CLANG_WARN_CONSTANT_CONVERSION = YES;
				CLANG_WARN_DEPRECATED_OBJC_IMPLEMENTATIONS = YES;
				CLANG_WARN_DIRECT_OBJC_ISA_USAGE = YES_ERROR;
				CLANG_WARN_DOCUMENTATION_COMMENTS = YES;
				CLANG_WARN_EMPTY_BODY = YES;
				CLANG_WARN_ENUM_CONVERSION = YES;
				CLANG_WARN_INFINITE_RECURSION = YES;
				CLANG_WARN_INT_CONVERSION = YES;
				CLANG_WARN_NON_LITERAL_NULL_CONVERSION = YES;
				CLANG_WARN_OBJC_IMPLICIT_RETAIN_SELF = YES;
				CLANG_WARN_OBJC_LITERAL_CONVERSION = YES;
				CLANG_WARN_OBJC_ROOT_CLASS = YES_ERROR;
				CLANG_WARN_QUOTED_INCLUDE_IN_FRAMEWORK_HEADER = YES;
				CLANG_WARN_RANGE_LOOP_ANALYSIS = YES;
				CLANG_WARN_STRICT_PROTOTYPES = YES;
				CLANG_WARN_SUSPICIOUS_MOVE = YES;
				CLANG_WARN_UNGUARDED_AVAILABILITY = YES_AGGRESSIVE;
				CLANG_WARN_UNREACHABLE_CODE = YES;
				CLANG_WARN__DUPLICATE_METHOD_MATCH = YES;
				COPY_PHASE_STRIP = NO;
				DEBUG_INFORMATION_FORMAT = "dwarf-with-dsym";
				ENABLE_NS_ASSERTIONS = NO;
				ENABLE_STRICT_OBJC_MSGSEND = YES;
				ENABLE_USER_SCRIPT_SANDBOXING = YES;
				GCC_C_LANGUAGE_STANDARD = gnu17;
				GCC_NO_COMMON_BLOCKS = YES;
				GCC_WARN_64_TO_32_BIT_CONVERSION = YES;
				GCC_WARN_ABOUT_RETURN_TYPE = YES_ERROR;
				GCC_WARN_UNDECLARED_SELECTOR = YES;
				GCC_WARN_UNINITIALIZED_AUTOS = YES_AGGRESSIVE;
				GCC_WARN_UNUSED_FUNCTION = YES;
				GCC_WARN_UNUSED_VARIABLE = YES;
				IPHONEOS_DEPLOYMENT_TARGET = 18.2;
				LOCALIZATION_PREFERS_STRING_CATALOGS = YES;
				MTL_ENABLE_DEBUG_INFO = NO;
				MTL_FAST_MATH = YES;
				SDKROOT = iphoneos;
				SWIFT_COMPILATION_MODE = wholemodule;
				VALIDATE_PRODUCT = YES;
			};
			name = Release;
		};
		CC851AB72DC0D7F00070A4CB /* Debug */ = {
			isa = XCBuildConfiguration;
			buildSettings = {
				BUNDLE_LOADER = "$(TEST_HOST)";
				CODE_SIGN_STYLE = Automatic;
				CURRENT_PROJECT_VERSION = 1;
				DEVELOPMENT_TEAM = VP4GBKDNYR;
				GENERATE_INFOPLIST_FILE = YES;
				IPHONEOS_DEPLOYMENT_TARGET = 18.2;
				MARKETING_VERSION = 1.0;
				PRODUCT_BUNDLE_IDENTIFIER = com.mandywnag.CatchPlayFanloopTests;
				PRODUCT_NAME = "$(TARGET_NAME)";
				SWIFT_EMIT_LOC_STRINGS = NO;
				SWIFT_VERSION = 5.0;
				TARGETED_DEVICE_FAMILY = "1,2";
				TEST_HOST = "$(BUILT_PRODUCTS_DIR)/CatchPlayFanLoop.app/$(BUNDLE_EXECUTABLE_FOLDER_PATH)/CatchPlayFanLoop";
			};
			name = Debug;
		};
		CC851AB82DC0D7F00070A4CB /* Release */ = {
			isa = XCBuildConfiguration;
			buildSettings = {
				BUNDLE_LOADER = "$(TEST_HOST)";
				CODE_SIGN_STYLE = Automatic;
				CURRENT_PROJECT_VERSION = 1;
				DEVELOPMENT_TEAM = VP4GBKDNYR;
				GENERATE_INFOPLIST_FILE = YES;
				IPHONEOS_DEPLOYMENT_TARGET = 18.2;
				MARKETING_VERSION = 1.0;
				PRODUCT_BUNDLE_IDENTIFIER = com.mandywnag.CatchPlayFanloopTests;
				PRODUCT_NAME = "$(TARGET_NAME)";
				SWIFT_EMIT_LOC_STRINGS = NO;
				SWIFT_VERSION = 5.0;
				TARGETED_DEVICE_FAMILY = "1,2";
				TEST_HOST = "$(BUILT_PRODUCTS_DIR)/CatchPlayFanLoop.app/$(BUNDLE_EXECUTABLE_FOLDER_PATH)/CatchPlayFanLoop";
			};
			name = Release;
		};
		CC851ABA2DC0D7F00070A4CB /* Debug */ = {
			isa = XCBuildConfiguration;
			buildSettings = {
				CODE_SIGN_STYLE = Automatic;
				CURRENT_PROJECT_VERSION = 1;
				DEVELOPMENT_TEAM = VP4GBKDNYR;
				GENERATE_INFOPLIST_FILE = YES;
				MARKETING_VERSION = 1.0;
				PRODUCT_BUNDLE_IDENTIFIER = com.mandywnag.CatchPlayFanloopUITests;
				PRODUCT_NAME = "$(TARGET_NAME)";
				SWIFT_EMIT_LOC_STRINGS = NO;
				SWIFT_VERSION = 5.0;
				TARGETED_DEVICE_FAMILY = "1,2";
				TEST_TARGET_NAME = CatchPlayFanloop;
			};
			name = Debug;
		};
		CC851ABB2DC0D7F00070A4CB /* Release */ = {
			isa = XCBuildConfiguration;
			buildSettings = {
				CODE_SIGN_STYLE = Automatic;
				CURRENT_PROJECT_VERSION = 1;
				DEVELOPMENT_TEAM = VP4GBKDNYR;
				GENERATE_INFOPLIST_FILE = YES;
				MARKETING_VERSION = 1.0;
				PRODUCT_BUNDLE_IDENTIFIER = com.mandywnag.CatchPlayFanloopUITests;
				PRODUCT_NAME = "$(TARGET_NAME)";
				SWIFT_EMIT_LOC_STRINGS = NO;
				SWIFT_VERSION = 5.0;
				TARGETED_DEVICE_FAMILY = "1,2";
				TEST_TARGET_NAME = CatchPlayFanloop;
			};
			name = Release;
		};
/* End XCBuildConfiguration section */

/* Begin XCConfigurationList section */
		CC851A802DC0D7EE0070A4CB /* Build configuration list for PBXProject "CatchPlayFanLoop" */ = {
			isa = XCConfigurationList;
			buildConfigurations = (
				CC851AB42DC0D7F00070A4CB /* Debug */,
				CC851AB52DC0D7F00070A4CB /* Release */,
			);
			defaultConfigurationIsVisible = 0;
			defaultConfigurationName = Release;
		};
		CC851AB12DC0D7F00070A4CB /* Build configuration list for PBXNativeTarget "CatchPlayFanLoop" */ = {
			isa = XCConfigurationList;
			buildConfigurations = (
				CC851AB22DC0D7F00070A4CB /* Debug */,
				CC851AB32DC0D7F00070A4CB /* Release */,
			);
			defaultConfigurationIsVisible = 0;
			defaultConfigurationName = Release;
		};
		CC851AB62DC0D7F00070A4CB /* Build configuration list for PBXNativeTarget "CatchPlayFanLoopTests" */ = {
			isa = XCConfigurationList;
			buildConfigurations = (
				CC851AB72DC0D7F00070A4CB /* Debug */,
				CC851AB82DC0D7F00070A4CB /* Release */,
			);
			defaultConfigurationIsVisible = 0;
			defaultConfigurationName = Release;
		};
		CC851AB92DC0D7F00070A4CB /* Build configuration list for PBXNativeTarget "CatchPlayFanLoopUITests" */ = {
			isa = XCConfigurationList;
			buildConfigurations = (
				CC851ABA2DC0D7F00070A4CB /* Debug */,
				CC851ABB2DC0D7F00070A4CB /* Release */,
			);
			defaultConfigurationIsVisible = 0;
			defaultConfigurationName = Release;
		};
/* End XCConfigurationList section */

/* Begin XCVersionGroup section */
		CC7B8AEB2DC22BB8006361C2 /* CatchPlayFanloop.xcdatamodeld */ = {
			isa = XCVersionGroup;
			children = (
				CC7B8AF22DC22BB8006361C2 /* CatchPlayFanloop.xcdatamodel */,
			);
			currentVersion = CC7B8AF22DC22BB8006361C2 /* CatchPlayFanloop.xcdatamodel */;
			path = CatchPlayFanloop.xcdatamodeld;
			sourceTree = "<group>";
			versionGroupType = wrapper.xcdatamodel;
		};
/* End XCVersionGroup section */
	};
	rootObject = CC851A7D2DC0D7EE0070A4CB /* Project object */;
}
